
Microsoft Visual Studio Solution File, Format Version 12.00
# Visual Studio Version 17
VisualStudioVersion = 17.13.35919.96
MinimumVisualStudioVersion = 10.0.40219.1
Project("{888888A0-9F3D-457C-B088-3A5042F75D52}") = "PythonApplications", "PythonApplications\PythonApplications.pyproj", "{33D521D2-045F-41F8-8BDA-DD8639B34724}"
EndProject
Project("{888888A0-9F3D-457C-B088-3A5042F75D52}") = "TcpServer", "TcpServer\TcpServer.pyproj", "{65F29F50-2E63-404E-B46E-13D1FAB94232}"
EndProject
Project("{888888A0-9F3D-457C-B088-3A5042F75D52}") = "TcpClient", "TcpClient\TcpClient.pyproj", "{3CD19E81-BA6A-43FF-BA45-84C3002FD769}"
EndProject
Project("{888888A0-9F3D-457C-B088-3A5042F75D52}") = "UdpServer", "UdpServer\UdpServer.pyproj", "{E8AD0B9C-AE7C-4C4D-B5DE-9902B791A7AD}"
EndProject
Project("{888888A0-9F3D-457C-B088-3A5042F75D52}") = "UdpClient", "UdpClient\UdpClient.pyproj", "{ED7B679C-D4CE-4050-A88D-E5E4227C0289}"
EndProject
Project("{888888A0-9F3D-457C-B088-3A5042F75D52}") = "ChatServer", "ChatServer\ChatServer.pyproj", "{D29515DF-8A02-4B2B-8592-4D3D87DD7B0B}"
EndProject
Project("{888888A0-9F3D-457C-B088-3A5042F75D52}") = "ChatClient", "ChatClient\ChatClient.pyproj", "{234F2A70-5E6C-4443-9B25-ECD2EB0EFED2}"
EndProject
Global
	GlobalSection(SolutionConfigurationPlatforms) = preSolution
		Debug|Any CPU = Debug|Any CPU
		Release|Any CPU = Release|Any CPU
	EndGlobalSection
	GlobalSection(ProjectConfigurationPlatforms) = postSolution
		{33D521D2-045F-41F8-8BDA-DD8639B34724}.Debug|Any CPU.ActiveCfg = Debug|Any CPU
		{33D521D2-045F-41F8-8BDA-DD8639B34724}.Release|Any CPU.ActiveCfg = Release|Any CPU
		{65F29F50-2E63-404E-B46E-13D1FAB94232}.Debug|Any CPU.ActiveCfg = Debug|Any CPU
		{65F29F50-2E63-404E-B46E-13D1FAB94232}.Release|Any CPU.ActiveCfg = Release|Any CPU
		{3CD19E81-BA6A-43FF-BA45-84C3002FD769}.Debug|Any CPU.ActiveCfg = Debug|Any CPU
		{3CD19E81-BA6A-43FF-BA45-84C3002FD769}.Release|Any CPU.ActiveCfg = Release|Any CPU
		{E8AD0B9C-AE7C-4C4D-B5DE-9902B791A7AD}.Debug|Any CPU.ActiveCfg = Debug|Any CPU
		{E8AD0B9C-AE7C-4C4D-B5DE-9902B791A7AD}.Release|Any CPU.ActiveCfg = Release|Any CPU
		{ED7B679C-D4CE-4050-A88D-E5E4227C0289}.Debug|Any CPU.ActiveCfg = Debug|Any CPU
		{ED7B679C-D4CE-4050-A88D-E5E4227C0289}.Release|Any CPU.ActiveCfg = Release|Any CPU
		{D29515DF-8A02-4B2B-8592-4D3D87DD7B0B}.Debug|Any CPU.ActiveCfg = Debug|Any CPU
		{D29515DF-8A02-4B2B-8592-4D3D87DD7B0B}.Release|Any CPU.ActiveCfg = Release|Any CPU
		{234F2A70-5E6C-4443-9B25-ECD2EB0EFED2}.Debug|Any CPU.ActiveCfg = Debug|Any CPU
		{234F2A70-5E6C-4443-9B25-ECD2EB0EFED2}.Release|Any CPU.ActiveCfg = Release|Any CPU
	EndGlobalSection
	GlobalSection(SolutionProperties) = preSolution
		HideSolutionNode = FALSE
	EndGlobalSection
	GlobalSection(ExtensibilityGlobals) = postSolution
		SolutionGuid = {F86B1F59-78DE-4657-8806-D3333AF782ED}
	EndGlobalSection
EndGlobal
