
Microsoft Visual Studio Solution File, Format Version 12.00
# Visual Studio Version 17
VisualStudioVersion = 17.13.35919.96 d17.13
MinimumVisualStudioVersion = 10.0.40219.1
Project("{888888A0-9F3D-457C-B088-3A5042F75D52}") = "PythonApplications", "PythonApplications\PythonApplications.pyproj", "{33D521D2-045F-41F8-8BDA-DD8639B34724}"
EndProject
Global
	GlobalSection(SolutionConfigurationPlatforms) = preSolution
		Debug|Any CPU = Debug|Any CPU
		Release|Any CPU = Release|Any CPU
	EndGlobalSection
	GlobalSection(ProjectConfigurationPlatforms) = postSolution
		{33D521D2-045F-41F8-8BDA-DD8639B34724}.Debug|Any CPU.ActiveCfg = Debug|Any CPU
		{33D521D2-045F-41F8-8BDA-DD8639B34724}.Release|Any CPU.ActiveCfg = Release|Any CPU
	EndGlobalSection
	GlobalSection(SolutionProperties) = preSolution
		HideSolutionNode = FALSE
	EndGlobalSection
	GlobalSection(ExtensibilityGlobals) = postSolution
		SolutionGuid = {F86B1F59-78DE-4657-8806-D3333AF782ED}
	EndGlobalSection
EndGlobal
